// !$*UTF8*$!
{
	archiveVersion = 1;
	classes = {
	};
	objectVersion = 46;
	objects = {

/* Begin PBXBuildFile section */
		9BBD8A051B5969D200E26260 /* main.cpp in Sources */ = {isa = PBXBuildFile; fileRef = 9BBD8A041B5969D200E26260 /* main.cpp */; };
/* End PBXBuildFile section */

/* Begin PBXCopyFilesBuildPhase section */
		9BBD89FF1B5969D200E26260 /* CopyFiles */ = {
			isa = PBXCopyFilesBuildPhase;
			buildActionMask = 2147483647;
			dstPath = /usr/share/man/man1/;
			dstSubfolderSpec = 0;
			files = (
			);
			runOnlyForDeploymentPostprocessing = 1;
		};
/* End PBXCopyFilesBuildPhase section */

/* Begin PBXFileReference section */
		9BBD8A011B5969D200E26260 /* DeleteNodeInLinkedList */ = {isa = PBXFileReference; explicitFileType = "compiled.mach-o.executable"; includeInIndex = 0; path = DeleteNodeInLinkedList; sourceTree = BUILT_PRODUCTS_DIR; };
		9BBD8A041B5969D200E26260 /* main.cpp */ = {isa = PBXFileReference; lastKnownFileType = sourcecode.cpp.cpp; path = main.cpp; sourceTree = "<group>"; };
		9BBD8A0C1B5969EE00E26260 /* Solution.h */ = {isa = PBXFileReference; fileEncoding = 4; lastKnownFileType = sourcecode.c.h; path = Solution.h; sourceTree = "<group>"; };
/* End PBXFileReference section */

/* Begin PBXFrameworksBuildPhase section */
		9BBD89FE1B5969D200E26260 /* Frameworks */ = {
			isa = PBXFrameworksBuildPhase;
			buildActionMask = 2147483647;
			files = (
			);
			runOnlyForDeploymentPostprocessing = 0;
		};
/* End PBXFrameworksBuildPhase section */

/* Begin PBXGroup section */
		9BBD89F81B5969D200E26260 = {
			isa = PBXGroup;
			children = (
				9BBD8A031B5969D200E26260 /* DeleteNodeInLinkedList */,
				9BBD8A021B5969D200E26260 /* Products */,
			);
			sourceTree = "<group>";
		};
		9BBD8A021B5969D200E26260 /* Products */ = {
			isa = PBXGroup;
			children = (
				9BBD8A011B5969D200E26260 /* DeleteNodeInLinkedList */,
			);
			name = Products;
			sourceTree = "<group>";
		};
		9BBD8A031B5969D200E26260 /* DeleteNodeInLinkedList */ = {
			isa = PBXGroup;
			children = (
				9BBD8A041B5969D200E26260 /* main.cpp */,
				9BBD8A0C1B5969EE00E26260 /* Solution.h */,
			);
			path = DeleteNodeInLinkedList;
			sourceTree = "<group>";
		};
/* End PBXGroup section */

/* Begin PBXNativeTarget section */
		9BBD8A001B5969D200E26260 /* DeleteNodeInLinkedList */ = {
			isa = PBXNativeTarget;
			buildConfigurationList = 9BBD8A081B5969D200E26260 /* Build configuration list for PBXNativeTarget "DeleteNodeInLinkedList" */;
			buildPhases = (
				9BBD89FD1B5969D200E26260 /* Sources */,
				9BBD89FE1B5969D200E26260 /* Frameworks */,
				9BBD89FF1B5969D200E26260 /* CopyFiles */,
			);
			buildRules = (
			);
			dependencies = (
			);
			name = DeleteNodeInLinkedList;
			productName = DeleteNodeInLinkedList;
			productReference = 9BBD8A011B5969D200E26260 /* DeleteNodeInLinkedList */;
			productType = "com.apple.product-type.tool";
		};
/* End PBXNativeTarget section */

/* Begin PBXProject section */
		9BBD89F91B5969D200E26260 /* Project object */ = {
			isa = PBXProject;
			attributes = {
				LastUpgradeCheck = 0640;
				ORGANIZATIONNAME = Eason;
				TargetAttributes = {
					9BBD8A001B5969D200E26260 = {
						CreatedOnToolsVersion = 6.4;
					};
				};
			};
			buildConfigurationList = 9BBD89FC1B5969D200E26260 /* Build configuration list for PBXProject "DeleteNodeInLinkedList" */;
			compatibilityVersion = "Xcode 3.2";
			developmentRegion = English;
			hasScannedForEncodings = 0;
			knownRegions = (
				en,
			);
			mainGroup = 9BBD89F81B5969D200E26260;
			productRefGroup = 9BBD8A021B5969D200E26260 /* Products */;
			projectDirPath = "";
			projectRoot = "";
			targets = (
				9BBD8A001B5969D200E26260 /* DeleteNodeInLinkedList */,
			);
		};
/* End PBXProject section */

/* Begin PBXSourcesBuildPhase section */
		9BBD89FD1B5969D200E26260 /* Sources */ = {
			isa = PBXSourcesBuildPhase;
			buildActionMask = 2147483647;
			files = (
				9BBD8A051B5969D200E26260 /* main.cpp in Sources */,
			);
			runOnlyForDeploymentPostprocessing = 0;
		};
/* End PBXSourcesBuildPhase section */

/* Begin XCBuildConfiguration section */
		9BBD8A061B5969D200E26260 /* Debug */ = {
			isa = XCBuildConfiguration;
			buildSettings = {
				ALWAYS_SEARCH_USER_PATHS = NO;
				CLANG_CXX_LANGUAGE_STANDARD = "gnu++0x";
				CLANG_CXX_LIBRARY = "libc++";
				CLANG_ENABLE_MODULES = YES;
				CLANG_ENABLE_OBJC_ARC = YES;
				CLANG_WARN_BOOL_CONVERSION = YES;
				CLANG_WARN_CONSTANT_CONVERSION = YES;
				CLANG_WARN_DIRECT_OBJC_ISA_USAGE = YES_ERROR;
				CLANG_WARN_EMPTY_BODY = YES;
				CLANG_WARN_ENUM_CONVERSION = YES;
				CLANG_WARN_INT_CONVERSION = YES;
				CLANG_WARN_OBJC_ROOT_CLASS = YES_ERROR;
				CLANG_WARN_UNREACHABLE_CODE = YES;
				CLANG_WARN__DUPLICATE_METHOD_MATCH = YES;
				COPY_PHASE_STRIP = NO;
				DEBUG_INFORMATION_FORMAT = dwarf;
				ENABLE_STRICT_OBJC_MSGSEND = YES;
				GCC_C_LANGUAGE_STANDARD = gnu99;
				GCC_DYNAMIC_NO_PIC = NO;
				GCC_NO_COMMON_BLOCKS = YES;
				GCC_OPTIMIZATION_LEVEL = 0;
				GCC_PREPROCESSOR_DEFINITIONS = (
					"DEBUG=1",
					"$(inherited)",
				);
				GCC_SYMBOLS_PRIVATE_EXTERN = NO;
				GCC_WARN_64_TO_32_BIT_CONVERSION = YES;
				GCC_WARN_ABOUT_RETURN_TYPE = YES_ERROR;
				GCC_WARN_UNDECLARED_SELECTOR = YES;
				GCC_WARN_UNINITIALIZED_AUTOS = YES_AGGRESSIVE;
				GCC_WARN_UNUSED_FUNCTION = YES;
				GCC_WARN_UNUSED_VARIABLE = YES;
				MACOSX_DEPLOYMENT_TARGET = 10.10;
				MTL_ENABLE_DEBUG_INFO = YES;
				ONLY_ACTIVE_ARCH = YES;
				SDKROOT = macosx;
			};
			name = Debug;
		};
		9BBD8A071B5969D200E26260 /* Release */ = {
			isa = XCBuildConfiguration;
			buildSettings = {
				ALWAYS_SEARCH_USER_PATHS = NO;
				CLANG_CXX_LANGUAGE_STANDARD = "gnu++0x";
				CLANG_CXX_LIBRARY = "libc++";
				CLANG_ENABLE_MODULES = YES;
				CLANG_ENABLE_OBJC_ARC = YES;
				CLANG_WARN_BOOL_CONVERSION = YES;
				CLANG_WARN_CONSTANT_CONVERSION = YES;
				CLANG_WARN_DIRECT_OBJC_ISA_USAGE = YES_ERROR;
				CLANG_WARN_EMPTY_BODY = YES;
				CLANG_WARN_ENUM_CONVERSION = YES;
				CLANG_WARN_INT_CONVERSION = YES;
				CLANG_WARN_OBJC_ROOT_CLASS = YES_ERROR;
				CLANG_WARN_UNREACHABLE_CODE = YES;
				CLANG_WARN__DUPLICATE_METHOD_MATCH = YES;
				COPY_PHASE_STRIP = NO;
				DEBUG_INFORMATION_FORMAT = "dwarf-with-dsym";
				ENABLE_NS_ASSERTIONS = NO;
				ENABLE_STRICT_OBJC_MSGSEND = YES;
				GCC_C_LANGUAGE_STANDARD = gnu99;
				GCC_NO_COMMON_BLOCKS = YES;
				GCC_WARN_64_TO_32_BIT_CONVERSION = YES;
				GCC_WARN_ABOUT_RETURN_TYPE = YES_ERROR;
				GCC_WARN_UNDECLARED_SELECTOR = YES;
				GCC_WARN_UNINITIALIZED_AUTOS = YES_AGGRESSIVE;
				GCC_WARN_UNUSED_FUNCTION = YES;
				GCC_WARN_UNUSED_VARIABLE = YES;
				MACOSX_DEPLOYMENT_TARGET = 10.10;
				MTL_ENABLE_DEBUG_INFO = NO;
				SDKROOT = macosx;
			};
			name = Release;
		};
		9BBD8A091B5969D200E26260 /* Debug */ = {
			isa = XCBuildConfiguration;
			buildSettings = {
				PRODUCT_NAME = "$(TARGET_NAME)";
			};
			name = Debug;
		};
		9BBD8A0A1B5969D200E26260 /* Release */ = {
			isa = XCBuildConfiguration;
			buildSettings = {
				PRODUCT_NAME = "$(TARGET_NAME)";
			};
			name = Release;
		};
/* End XCBuildConfiguration section */

/* Begin XCConfigurationList section */
		9BBD89FC1B5969D200E26260 /* Build configuration list for PBXProject "DeleteNodeInLinkedList" */ = {
			isa = XCConfigurationList;
			buildConfigurations = (
				9BBD8A061B5969D200E26260 /* Debug */,
				9BBD8A071B5969D200E26260 /* Release */,
			);
			defaultConfigurationIsVisible = 0;
			defaultConfigurationName = Release;
		};
		9BBD8A081B5969D200E26260 /* Build configuration list for PBXNativeTarget "DeleteNodeInLinkedList" */ = {
			isa = XCConfigurationList;
			buildConfigurations = (
				9BBD8A091B5969D200E26260 /* Debug */,
				9BBD8A0A1B5969D200E26260 /* Release */,
			);
			defaultConfigurationIsVisible = 0;
		};
/* End XCConfigurationList section */
	};
	rootObject = 9BBD89F91B5969D200E26260 /* Project object */;
}
