// !$*UTF8*$!
{
	archiveVersion = 1;
	classes = {
	};
	objectVersion = 46;
	objects = {

/* Begin PBXBuildFile section */
		9B7420D81C8DAEE7008A7520 /* cover.c in Sources */ = {isa = PBXBuildFile; fileRef = 9B7420D61C8DAEE7008A7520 /* cover.c */; };
		9BE37EFD1C6F7AA60074D474 /* main.c in Sources */ = {isa = PBXBuildFile; fileRef = 9BE37EFC1C6F7AA60074D474 /* main.c */; };
		9BE37F051C6F7BFF0074D474 /* list.c in Sources */ = {isa = PBXBuildFile; fileRef = 9BE37F041C6F7BFF0074D474 /* list.c */; };
		9BE37F081C74C0600074D474 /* set.c in Sources */ = {isa = PBXBuildFile; fileRef = 9BE37F061C74C0600074D474 /* set.c */; };
/* End PBXBuildFile section */

/* Begin PBXCopyFilesBuildPhase section */
		9BE37EF71C6F7AA50074D474 /* CopyFiles */ = {
			isa = PBXCopyFilesBuildPhase;
			buildActionMask = 2147483647;
			dstPath = /usr/share/man/man1/;
			dstSubfolderSpec = 0;
			files = (
			);
			runOnlyForDeploymentPostprocessing = 1;
		};
/* End PBXCopyFilesBuildPhase section */

/* Begin PBXFileReference section */
		9B7420D61C8DAEE7008A7520 /* cover.c */ = {isa = PBXFileReference; fileEncoding = 4; lastKnownFileType = sourcecode.c.c; path = cover.c; sourceTree = "<group>"; };
		9B7420D71C8DAEE7008A7520 /* cover.h */ = {isa = PBXFileReference; fileEncoding = 4; lastKnownFileType = sourcecode.c.h; path = cover.h; sourceTree = "<group>"; };
		9BE37EF91C6F7AA60074D474 /* List */ = {isa = PBXFileReference; explicitFileType = "compiled.mach-o.executable"; includeInIndex = 0; path = List; sourceTree = BUILT_PRODUCTS_DIR; };
		9BE37EFC1C6F7AA60074D474 /* main.c */ = {isa = PBXFileReference; lastKnownFileType = sourcecode.c.c; path = main.c; sourceTree = "<group>"; };
		9BE37F031C6F7AD80074D474 /* list.h */ = {isa = PBXFileReference; lastKnownFileType = sourcecode.c.h; path = list.h; sourceTree = "<group>"; };
		9BE37F041C6F7BFF0074D474 /* list.c */ = {isa = PBXFileReference; fileEncoding = 4; lastKnownFileType = sourcecode.c.c; path = list.c; sourceTree = "<group>"; };
		9BE37F061C74C0600074D474 /* set.c */ = {isa = PBXFileReference; fileEncoding = 4; lastKnownFileType = sourcecode.c.c; path = set.c; sourceTree = "<group>"; };
		9BE37F071C74C0600074D474 /* set.h */ = {isa = PBXFileReference; fileEncoding = 4; lastKnownFileType = sourcecode.c.h; path = set.h; sourceTree = "<group>"; };
/* End PBXFileReference section */

/* Begin PBXFrameworksBuildPhase section */
		9BE37EF61C6F7AA50074D474 /* Frameworks */ = {
			isa = PBXFrameworksBuildPhase;
			buildActionMask = 2147483647;
			files = (
			);
			runOnlyForDeploymentPostprocessing = 0;
		};
/* End PBXFrameworksBuildPhase section */

/* Begin PBXGroup section */
		9B7420DA1C8DC56D008A7520 /* Set */ = {
			isa = PBXGroup;
			children = (
				9BE37F061C74C0600074D474 /* set.c */,
				9BE37F071C74C0600074D474 /* set.h */,
				9B7420D61C8DAEE7008A7520 /* cover.c */,
				9B7420D71C8DAEE7008A7520 /* cover.h */,
			);
			name = Set;
			sourceTree = "<group>";
		};
		9B7420DB1C8DC59E008A7520 /* HashMap */ = {
			isa = PBXGroup;
			children = (
			);
			name = HashMap;
			sourceTree = "<group>";
		};
		9BE37EF01C6F7AA50074D474 = {
			isa = PBXGroup;
			children = (
				9BE37EFB1C6F7AA60074D474 /* List */,
				9BE37EFA1C6F7AA60074D474 /* Products */,
			);
			sourceTree = "<group>";
		};
		9BE37EFA1C6F7AA60074D474 /* Products */ = {
			isa = PBXGroup;
			children = (
				9BE37EF91C6F7AA60074D474 /* List */,
			);
			name = Products;
			sourceTree = "<group>";
		};
		9BE37EFB1C6F7AA60074D474 /* List */ = {
			isa = PBXGroup;
			children = (
				9BE37EFC1C6F7AA60074D474 /* main.c */,
				9BE37F031C6F7AD80074D474 /* list.h */,
				9BE37F041C6F7BFF0074D474 /* list.c */,
				9B7420DA1C8DC56D008A7520 /* Set */,
				9B7420DB1C8DC59E008A7520 /* HashMap */,
			);
			path = List;
			sourceTree = "<group>";
		};
/* End PBXGroup section */

/* Begin PBXNativeTarget section */
		9BE37EF81C6F7AA50074D474 /* List */ = {
			isa = PBXNativeTarget;
			buildConfigurationList = 9BE37F001C6F7AA60074D474 /* Build configuration list for PBXNativeTarget "List" */;
			buildPhases = (
				9BE37EF51C6F7AA50074D474 /* Sources */,
				9BE37EF61C6F7AA50074D474 /* Frameworks */,
				9BE37EF71C6F7AA50074D474 /* CopyFiles */,
			);
			buildRules = (
			);
			dependencies = (
			);
			name = List;
			productName = List;
			productReference = 9BE37EF91C6F7AA60074D474 /* List */;
			productType = "com.apple.product-type.tool";
		};
/* End PBXNativeTarget section */

/* Begin PBXProject section */
		9BE37EF11C6F7AA50074D474 /* Project object */ = {
			isa = PBXProject;
			attributes = {
				LastUpgradeCheck = 0720;
				ORGANIZATIONNAME = Eason;
				TargetAttributes = {
					9BE37EF81C6F7AA50074D474 = {
						CreatedOnToolsVersion = 7.2.1;
					};
				};
			};
			buildConfigurationList = 9BE37EF41C6F7AA50074D474 /* Build configuration list for PBXProject "List" */;
			compatibilityVersion = "Xcode 3.2";
			developmentRegion = English;
			hasScannedForEncodings = 0;
			knownRegions = (
				en,
			);
			mainGroup = 9BE37EF01C6F7AA50074D474;
			productRefGroup = 9BE37EFA1C6F7AA60074D474 /* Products */;
			projectDirPath = "";
			projectRoot = "";
			targets = (
				9BE37EF81C6F7AA50074D474 /* List */,
			);
		};
/* End PBXProject section */

/* Begin PBXSourcesBuildPhase section */
		9BE37EF51C6F7AA50074D474 /* Sources */ = {
			isa = PBXSourcesBuildPhase;
			buildActionMask = 2147483647;
			files = (
				9BE37F081C74C0600074D474 /* set.c in Sources */,
				9BE37EFD1C6F7AA60074D474 /* main.c in Sources */,
				9BE37F051C6F7BFF0074D474 /* list.c in Sources */,
				9B7420D81C8DAEE7008A7520 /* cover.c in Sources */,
			);
			runOnlyForDeploymentPostprocessing = 0;
		};
/* End PBXSourcesBuildPhase section */

/* Begin XCBuildConfiguration section */
		9BE37EFE1C6F7AA60074D474 /* Debug */ = {
			isa = XCBuildConfiguration;
			buildSettings = {
				ALWAYS_SEARCH_USER_PATHS = NO;
				CLANG_CXX_LANGUAGE_STANDARD = "gnu++0x";
				CLANG_CXX_LIBRARY = "libc++";
				CLANG_ENABLE_MODULES = YES;
				CLANG_ENABLE_OBJC_ARC = YES;
				CLANG_WARN_BOOL_CONVERSION = YES;
				CLANG_WARN_CONSTANT_CONVERSION = YES;
				CLANG_WARN_DIRECT_OBJC_ISA_USAGE = YES_ERROR;
				CLANG_WARN_EMPTY_BODY = YES;
				CLANG_WARN_ENUM_CONVERSION = YES;
				CLANG_WARN_INT_CONVERSION = YES;
				CLANG_WARN_OBJC_ROOT_CLASS = YES_ERROR;
				CLANG_WARN_UNREACHABLE_CODE = YES;
				CLANG_WARN__DUPLICATE_METHOD_MATCH = YES;
				CODE_SIGN_IDENTITY = "-";
				COPY_PHASE_STRIP = NO;
				DEBUG_INFORMATION_FORMAT = dwarf;
				ENABLE_STRICT_OBJC_MSGSEND = YES;
				ENABLE_TESTABILITY = YES;
				GCC_C_LANGUAGE_STANDARD = gnu99;
				GCC_DYNAMIC_NO_PIC = NO;
				GCC_NO_COMMON_BLOCKS = YES;
				GCC_OPTIMIZATION_LEVEL = 0;
				GCC_PREPROCESSOR_DEFINITIONS = (
					"DEBUG=1",
					"$(inherited)",
				);
				GCC_WARN_64_TO_32_BIT_CONVERSION = YES;
				GCC_WARN_ABOUT_RETURN_TYPE = YES_ERROR;
				GCC_WARN_UNDECLARED_SELECTOR = YES;
				GCC_WARN_UNINITIALIZED_AUTOS = YES_AGGRESSIVE;
				GCC_WARN_UNUSED_FUNCTION = YES;
				GCC_WARN_UNUSED_VARIABLE = YES;
				MACOSX_DEPLOYMENT_TARGET = 10.11;
				MTL_ENABLE_DEBUG_INFO = YES;
				ONLY_ACTIVE_ARCH = YES;
				SDKROOT = macosx;
			};
			name = Debug;
		};
		9BE37EFF1C6F7AA60074D474 /* Release */ = {
			isa = XCBuildConfiguration;
			buildSettings = {
				ALWAYS_SEARCH_USER_PATHS = NO;
				CLANG_CXX_LANGUAGE_STANDARD = "gnu++0x";
				CLANG_CXX_LIBRARY = "libc++";
				CLANG_ENABLE_MODULES = YES;
				CLANG_ENABLE_OBJC_ARC = YES;
				CLANG_WARN_BOOL_CONVERSION = YES;
				CLANG_WARN_CONSTANT_CONVERSION = YES;
				CLANG_WARN_DIRECT_OBJC_ISA_USAGE = YES_ERROR;
				CLANG_WARN_EMPTY_BODY = YES;
				CLANG_WARN_ENUM_CONVERSION = YES;
				CLANG_WARN_INT_CONVERSION = YES;
				CLANG_WARN_OBJC_ROOT_CLASS = YES_ERROR;
				CLANG_WARN_UNREACHABLE_CODE = YES;
				CLANG_WARN__DUPLICATE_METHOD_MATCH = YES;
				CODE_SIGN_IDENTITY = "-";
				COPY_PHASE_STRIP = NO;
				DEBUG_INFORMATION_FORMAT = "dwarf-with-dsym";
				ENABLE_NS_ASSERTIONS = NO;
				ENABLE_STRICT_OBJC_MSGSEND = YES;
				GCC_C_LANGUAGE_STANDARD = gnu99;
				GCC_NO_COMMON_BLOCKS = YES;
				GCC_WARN_64_TO_32_BIT_CONVERSION = YES;
				GCC_WARN_ABOUT_RETURN_TYPE = YES_ERROR;
				GCC_WARN_UNDECLARED_SELECTOR = YES;
				GCC_WARN_UNINITIALIZED_AUTOS = YES_AGGRESSIVE;
				GCC_WARN_UNUSED_FUNCTION = YES;
				GCC_WARN_UNUSED_VARIABLE = YES;
				MACOSX_DEPLOYMENT_TARGET = 10.11;
				MTL_ENABLE_DEBUG_INFO = NO;
				SDKROOT = macosx;
			};
			name = Release;
		};
		9BE37F011C6F7AA60074D474 /* Debug */ = {
			isa = XCBuildConfiguration;
			buildSettings = {
				PRODUCT_NAME = "$(TARGET_NAME)";
			};
			name = Debug;
		};
		9BE37F021C6F7AA60074D474 /* Release */ = {
			isa = XCBuildConfiguration;
			buildSettings = {
				PRODUCT_NAME = "$(TARGET_NAME)";
			};
			name = Release;
		};
/* End XCBuildConfiguration section */

/* Begin XCConfigurationList section */
		9BE37EF41C6F7AA50074D474 /* Build configuration list for PBXProject "List" */ = {
			isa = XCConfigurationList;
			buildConfigurations = (
				9BE37EFE1C6F7AA60074D474 /* Debug */,
				9BE37EFF1C6F7AA60074D474 /* Release */,
			);
			defaultConfigurationIsVisible = 0;
			defaultConfigurationName = Release;
		};
		9BE37F001C6F7AA60074D474 /* Build configuration list for PBXNativeTarget "List" */ = {
			isa = XCConfigurationList;
			buildConfigurations = (
				9BE37F011C6F7AA60074D474 /* Debug */,
				9BE37F021C6F7AA60074D474 /* Release */,
			);
			defaultConfigurationIsVisible = 0;
			defaultConfigurationName = Release;
		};
/* End XCConfigurationList section */
	};
	rootObject = 9BE37EF11C6F7AA50074D474 /* Project object */;
}
